Microsoft Visual Studio Solution File, Format Version 12.00
# Visual Studio Version 17
VisualStudioVersion = 17.5.2.0
MinimumVisualStudioVersion = 10.0.40219.1
Project("{FAE04EC0-301F-11D3-BF4B-00C04F79EFBC}") = "GenpactProject", "GenpactProject.csproj", "{BC513A20-DA92-38DF-CE2C-126A8EF54893}"
EndProject
Global
	GlobalSection(SolutionConfigurationPlatforms) = preSolution
		Debug|Any CPU = Debug|Any CPU
		Release|Any CPU = Release|Any CPU
	EndGlobalSection
	GlobalSection(ProjectConfigurationPlatforms) = postSolution
		{BC513A20-DA92-38DF-CE2C-126A8EF54893}.Debug|Any CPU.ActiveCfg = Debug|Any CPU
		{BC513A20-DA92-38DF-CE2C-126A8EF54893}.Debug|Any CPU.Build.0 = Debug|Any CPU
		{BC513A20-DA92-38DF-CE2C-126A8EF54893}.Release|Any CPU.ActiveCfg = Release|Any CPU
		{BC513A20-DA92-38DF-CE2C-126A8EF54893}.Release|Any CPU.Build.0 = Release|Any CPU
	EndGlobalSection
	GlobalSection(SolutionProperties) = preSolution
		HideSolutionNode = FALSE
	EndGlobalSection
	GlobalSection(ExtensibilityGlobals) = postSolution
		SolutionGuid = {F008B560-EE3B-4A74-9548-4A7D436C58C2}
	EndGlobalSection
EndGlobal
